
Microsoft Visual Studio Solution File, Format Version 12.00
# Visual Studio Version 16
VisualStudioVersion = 16.0.31205.134
MinimumVisualStudioVersion = 10.0.40219.1
Project("{9A19103F-16F7-4668-BE54-9A1E7A4F7556}") = "DotNetBeTimelyWebAutomation.Tests", "DotNetBeTimelyWebAutomation\DotNetBeTimelyWebAutomation.Tests.csproj", "{3F1E5F74-2244-4C43-8B6E-C857C07C8614}"
EndProject
Global
	GlobalSection(SolutionConfigurationPlatforms) = preSolution
		Debug|Any CPU = Debug|Any CPU
		Release|Any CPU = Release|Any CPU
	EndGlobalSection
	GlobalSection(ProjectConfigurationPlatforms) = postSolution
		{3F1E5F74-2244-4C43-8B6E-C857C07C8614}.Debug|Any CPU.ActiveCfg = Debug|Any CPU
		{3F1E5F74-2244-4C43-8B6E-C857C07C8614}.Debug|Any CPU.Build.0 = Debug|Any CPU
		{3F1E5F74-2244-4C43-8B6E-C857C07C8614}.Release|Any CPU.ActiveCfg = Release|Any CPU
		{3F1E5F74-2244-4C43-8B6E-C857C07C8614}.Release|Any CPU.Build.0 = Release|Any CPU
	EndGlobalSection
	GlobalSection(SolutionProperties) = preSolution
		HideSolutionNode = FALSE
	EndGlobalSection
	GlobalSection(ExtensibilityGlobals) = postSolution
		SolutionGuid = {99AA3FF7-6790-4D20-8394-CD026B3CABCC}
	EndGlobalSection
EndGlobal
